{
  "name": "vuejshomepage",
  "version": "1.0.0",
  "lockfileVersion": 1,
  "requires": true,
  "dependencies": {
    "@fortawesome/fontawesome-free": {
      "version": "5.12.1",
      "resolved": "https://registry.npmjs.org/@fortawesome/fontawesome-free/-/fontawesome-free-5.12.1.tgz",
      "integrity": "sha512-ZtjIIFplxncqxvogq148C3hBLQE+W3iJ8E4UvJ09zIJUgzwLcROsWwFDErVSXY2Plzao5J9KUYNHKHMEUYDMKw=="
    },
    "bulma": {
      "version": "0.8.0",
      "resolved": "https://registry.npmjs.org/bulma/-/bulma-0.8.0.tgz",
      "integrity": "sha512-nhf3rGyiZh/VM7FrSJ/5KeLlfaFkXz0nYcXriynfPH4vVpnxnqyEwaNGdNCVzHyyCA3cHgkQAMpdF/SFbFGZfA=="
    },
    "bulma-o-steps": {
      "version": "1.0.9",
      "resolved": "https://registry.npmjs.org/bulma-o-steps/-/bulma-o-steps-1.0.9.tgz",
      "integrity": "sha512-T5qywE4MPCt6t0YTaZg2LEnzw0QoeYuob+dTB5WmYY8FtSOyEbNZnQ2kkrqzRwtAocvvzUTb+erAAc47QnkWoQ==",
      "requires": {
        "bulma": "^0.7.1"
      },
      "dependencies": {
        "bulma": {
          "version": "0.7.5",
          "resolved": "https://registry.npmjs.org/bulma/-/bulma-0.7.5.tgz",
          "integrity": "sha512-cX98TIn0I6sKba/DhW0FBjtaDpxTelU166pf7ICXpCCuplHWyu6C9LYZmL5PEsnePIeJaiorsTEzzNk3Tsm1hw=="
        }
      }
    }
  }
}
